{
  "name": "code-relay-mcp",
  "version": "3.1.0",
  "lockfileVersion": 3,
  "requires": true,
  "packages": {
    "": {
      "name": "code-relay-mcp",
      "version": "3.1.0",
      "license": "MIT",
      "bin": {
        "code-relay": "npm/bin/code-relay-mcp.cjs",
        "code-relay-mcp": "npm/bin/code-relay-mcp.cjs"
      },
      "engines": {
        "node": ">=18"
      }
    }
  }
}
